# This file is automatically @generated by Cargo.
# It is not intended for manual editing.
version = 4

[[package]]
name = "adler2"
version = "2.0.1"
source = "registry+https://github.com/rust-lang/crates.io-index"
checksum = "320119579fcad9c21884f5c4861d16174d0e06250625266f50fe6898340abefa"

[[package]]
name = "arbitrary"
version = "1.4.2"
source = "registry+https://github.com/rust-lang/crates.io-index"
checksum = "c3d036a3c4ab069c7b410a2ce876bd74808d2d0888a82667669f8e783a898bf1"
dependencies = [
 "derive_arbitrary",
]

[[package]]
name = "auto-impl-ops"
version = "0.2.1"
source = "registry+https://github.com/rust-lang/crates.io-index"
checksum = "d207fb0594e71ec5aade80886716c6f1adc6c9b570a7feef6e173f35f4f4d4cc"
dependencies = [
 "derive-syn-parse",
 "proc-macro2",
 "quote",
 "strum",
 "syn 1.0.109",
 "take_mut",
]

[[package]]
name = "autocfg"
version = "1.5.0"
source = "registry+https://github.com/rust-lang/crates.io-index"
checksum = "c08606f8c3cbf4ce6ec8e28fb0014a2c086708fe954eaa885384a6165172e7e8"

[[package]]
name = "bumpalo"
version = "3.19.0"
source = "registry+https://github.com/rust-lang/crates.io-index"
checksum = "46c5e41b57b8bba42a04676d81cb89e9ee8e859a1a66f80a5a72e1cb76b34d43"

[[package]]
name = "cfg-if"
version = "1.0.3"
source = "registry+https://github.com/rust-lang/crates.io-index"
checksum = "2fd1289c04a9ea8cb22300a459a72a385d7c73d3259e2ed7dcb2af674838cfa9"

[[package]]
name = "crc32fast"
version = "1.5.0"
source = "registry+https://github.com/rust-lang/crates.io-index"
checksum = "9481c1c90cbf2ac953f07c8d4a58aa3945c425b7185c9154d67a65e4230da511"
dependencies = [
 "cfg-if",
]

[[package]]
name = "derive-syn-parse"
version = "0.1.5"
source = "registry+https://github.com/rust-lang/crates.io-index"
checksum = "e79116f119dd1dba1abf1f3405f03b9b0e79a27a3883864bfebded8a3dc768cd"
dependencies = [
 "proc-macro2",
 "quote",
 "syn 1.0.109",
]

[[package]]
name = "derive_arbitrary"
version = "1.4.2"
source = "registry+https://github.com/rust-lang/crates.io-index"
checksum = "1e567bd82dcff979e4b03460c307b3cdc9e96fde3d73bed1496d2bc75d9dd62a"
dependencies = [
 "proc-macro2",
 "quote",
 "syn 2.0.106",
]

[[package]]
name = "equivalent"
version = "1.0.2"
source = "registry+https://github.com/rust-lang/crates.io-index"
checksum = "877a4ace8713b0bcf2a4e7eec82529c029f1d0619886d18145fea96c3ffe5c0f"

[[package]]
name = "flate2"
version = "1.1.5"
source = "registry+https://github.com/rust-lang/crates.io-index"
checksum = "bfe33edd8e85a12a67454e37f8c75e730830d83e313556ab9ebf9ee7fbeb3bfb"
dependencies = [
 "crc32fast",
 "libz-rs-sys",
 "miniz_oxide",
]

[[package]]
name = "getrandom"
version = "0.3.3"
source = "registry+https://github.com/rust-lang/crates.io-index"
checksum = "26145e563e54f2cadc477553f1ec5ee650b00862f0a58bcd12cbdc5f0ea2d2f4"
dependencies = [
 "cfg-if",
 "libc",
 "r-efi",
 "wasi",
]

[[package]]
name = "hashbrown"
version = "0.16.1"
source = "registry+https://github.com/rust-lang/crates.io-index"
checksum = "841d1cc9bed7f9236f321df977030373f4a4163ae1a7dbfe1a51a2c1a51d9100"

[[package]]
name = "heck"
version = "0.4.1"
source = "registry+https://github.com/rust-lang/crates.io-index"
checksum = "95505c38b4572b2d910cecb0281560f54b440a19336cbbcb27bf6ce6adc6f5a8"

[[package]]
name = "indexmap"
version = "2.12.1"
source = "registry+https://github.com/rust-lang/crates.io-index"
checksum = "0ad4bb2b565bca0645f4d68c5c9af97fba094e9791da685bf83cb5f3ce74acf2"
dependencies = [
 "equivalent",
 "hashbrown",
]

[[package]]
name = "libc"
version = "0.2.177"
source = "registry+https://github.com/rust-lang/crates.io-index"
checksum = "2874a2af47a2325c2001a6e6fad9b16a53b802102b528163885171cf92b15976"

[[package]]
name = "libz-rs-sys"
version = "0.5.2"
source = "registry+https://github.com/rust-lang/crates.io-index"
checksum = "840db8cf39d9ec4dd794376f38acc40d0fc65eec2a8f484f7fd375b84602becd"
dependencies = [
 "zlib-rs",
]

[[package]]
name = "log"
version = "0.4.28"
source = "registry+https://github.com/rust-lang/crates.io-index"
checksum = "34080505efa8e45a4b816c349525ebe327ceaa8559756f0356cba97ef3bf7432"

[[package]]
name = "memchr"
version = "2.7.6"
source = "registry+https://github.com/rust-lang/crates.io-index"
checksum = "f52b00d39961fc5b2736ea853c9cc86238e165017a493d1d5c8eac6bdc4cc273"

[[package]]
name = "miniz_oxide"
version = "0.8.9"
source = "registry+https://github.com/rust-lang/crates.io-index"
checksum = "1fa76a2c86f704bdb222d66965fb3d63269ce38518b83cb0575fca855ebb6316"
dependencies = [
 "adler2",
 "simd-adler32",
]

[[package]]
name = "ntru_cryptoanalysis"
version = "0.1.0"
dependencies = [
 "num-traits",
 "polynomial-ring",
 "rand",
 "rust_xlsxwriter",
]

[[package]]
name = "num-traits"
version = "0.2.19"
source = "registry+https://github.com/rust-lang/crates.io-index"
checksum = "071dfc062690e90b734c0b2273ce72ad0ffa95f0c74596bc250dcfd960262841"
dependencies = [
 "autocfg",
]

[[package]]
name = "polynomial-ring"
version = "0.5.1"
source = "registry+https://github.com/rust-lang/crates.io-index"
checksum = "eff6265f2682d57d24b9a114996358dcc228d54239b64c7df0a0e2174f71d84c"
dependencies = [
 "auto-impl-ops",
 "num-traits",
 "ring-algorithm",
]

[[package]]
name = "ppv-lite86"
version = "0.2.21"
source = "registry+https://github.com/rust-lang/crates.io-index"
checksum = "85eae3c4ed2f50dcfe72643da4befc30deadb458a9b590d720cde2f2b1e97da9"
dependencies = [
 "zerocopy",
]

[[package]]
name = "proc-macro2"
version = "1.0.101"
source = "registry+https://github.com/rust-lang/crates.io-index"
checksum = "89ae43fd86e4158d6db51ad8e2b80f313af9cc74f5c0e03ccb87de09998732de"
dependencies = [
 "unicode-ident",
]

[[package]]
name = "quote"
version = "1.0.41"
source = "registry+https://github.com/rust-lang/crates.io-index"
checksum = "ce25767e7b499d1b604768e7cde645d14cc8584231ea6b295e9c9eb22c02e1d1"
dependencies = [
 "proc-macro2",
]

[[package]]
name = "r-efi"
version = "5.3.0"
source = "registry+https://github.com/rust-lang/crates.io-index"
checksum = "69cdb34c158ceb288df11e18b4bd39de994f6657d83847bdffdbd7f346754b0f"

[[package]]
name = "rand"
version = "0.9.2"
source = "registry+https://github.com/rust-lang/crates.io-index"
checksum = "6db2770f06117d490610c7488547d543617b21bfa07796d7a12f6f1bd53850d1"
dependencies = [
 "rand_chacha",
 "rand_core",
]

[[package]]
name = "rand_chacha"
version = "0.9.0"
source = "registry+https://github.com/rust-lang/crates.io-index"
checksum = "d3022b5f1df60f26e1ffddd6c66e8aa15de382ae63b3a0c1bfc0e4d3e3f325cb"
dependencies = [
 "ppv-lite86",
 "rand_core",
]

[[package]]
name = "rand_core"
version = "0.9.3"
source = "registry+https://github.com/rust-lang/crates.io-index"
checksum = "99d9a13982dcf210057a8a78572b2217b667c3beacbf3a0d8b454f6f82837d38"
dependencies = [
 "getrandom",
]

[[package]]
name = "ring-algorithm"
version = "0.8.0"
source = "registry+https://github.com/rust-lang/crates.io-index"
checksum = "1e7a0ad57623ce306fe34b975618445cbcf998e60ab576cc11497f51a6c97f97"
dependencies = [
 "num-traits",
]

[[package]]
name = "rust_xlsxwriter"
version = "0.92.2"
source = "registry+https://github.com/rust-lang/crates.io-index"
checksum = "ca8b9faf2c68874f865272c92493e9bb811e5fdff197a56ecc4748885ec5a874"
dependencies = [
 "zip",
]

[[package]]
name = "rustversion"
version = "1.0.22"
source = "registry+https://github.com/rust-lang/crates.io-index"
checksum = "b39cdef0fa800fc44525c84ccb54a029961a8215f9619753635a9c0d2538d46d"

[[package]]
name = "simd-adler32"
version = "0.3.7"
source = "registry+https://github.com/rust-lang/crates.io-index"
checksum = "d66dc143e6b11c1eddc06d5c423cfc97062865baf299914ab64caa38182078fe"

[[package]]
name = "strum"
version = "0.24.1"
source = "registry+https://github.com/rust-lang/crates.io-index"
checksum = "063e6045c0e62079840579a7e47a355ae92f60eb74daaf156fb1e84ba164e63f"
dependencies = [
 "strum_macros",
]

[[package]]
name = "strum_macros"
version = "0.24.3"
source = "registry+https://github.com/rust-lang/crates.io-index"
checksum = "1e385be0d24f186b4ce2f9982191e7101bb737312ad61c1f2f984f34bcf85d59"
dependencies = [
 "heck",
 "proc-macro2",
 "quote",
 "rustversion",
 "syn 1.0.109",
]

[[package]]
name = "syn"
version = "1.0.109"
source = "registry+https://github.com/rust-lang/crates.io-index"
checksum = "72b64191b275b66ffe2469e8af2c1cfe3bafa67b529ead792a6d0160888b4237"
dependencies = [
 "proc-macro2",
 "quote",
 "unicode-ident",
]

[[package]]
name = "syn"
version = "2.0.106"
source = "registry+https://github.com/rust-lang/crates.io-index"
checksum = "ede7c438028d4436d71104916910f5bb611972c5cfd7f89b8300a8186e6fada6"
dependencies = [
 "proc-macro2",
 "quote",
 "unicode-ident",
]

[[package]]
name = "take_mut"
version = "0.2.2"
source = "registry+https://github.com/rust-lang/crates.io-index"
checksum = "f764005d11ee5f36500a149ace24e00e3da98b0158b3e2d53a7495660d3f4d60"

[[package]]
name = "unicode-ident"
version = "1.0.19"
source = "registry+https://github.com/rust-lang/crates.io-index"
checksum = "f63a545481291138910575129486daeaf8ac54aee4387fe7906919f7830c7d9d"

[[package]]
name = "wasi"
version = "0.14.7+wasi-0.2.4"
source = "registry+https://github.com/rust-lang/crates.io-index"
checksum = "883478de20367e224c0090af9cf5f9fa85bed63a95c1abf3afc5c083ebc06e8c"
dependencies = [
 "wasip2",
]

[[package]]
name = "wasip2"
version = "1.0.1+wasi-0.2.4"
source = "registry+https://github.com/rust-lang/crates.io-index"
checksum = "0562428422c63773dad2c345a1882263bbf4d65cf3f42e90921f787ef5ad58e7"
dependencies = [
 "wit-bindgen",
]

[[package]]
name = "wit-bindgen"
version = "0.46.0"
source = "registry+https://github.com/rust-lang/crates.io-index"
checksum = "f17a85883d4e6d00e8a97c586de764dabcc06133f7f1d55dce5cdc070ad7fe59"

[[package]]
name = "zerocopy"
version = "0.8.27"
source = "registry+https://github.com/rust-lang/crates.io-index"
checksum = "0894878a5fa3edfd6da3f88c4805f4c8558e2b996227a3d864f47fe11e38282c"
dependencies = [
 "zerocopy-derive",
]

[[package]]
name = "zerocopy-derive"
version = "0.8.27"
source = "registry+https://github.com/rust-lang/crates.io-index"
checksum = "88d2b8d9c68ad2b9e4340d7832716a4d21a22a1154777ad56ea55c51a9cf3831"
dependencies = [
 "proc-macro2",
 "quote",
 "syn 2.0.106",
]

[[package]]
name = "zip"
version = "6.0.0"
source = "registry+https://github.com/rust-lang/crates.io-index"
checksum = "eb2a05c7c36fde6c09b08576c9f7fb4cda705990f73b58fe011abf7dfb24168b"
dependencies = [
 "arbitrary",
 "crc32fast",
 "flate2",
 "indexmap",
 "memchr",
 "zopfli",
]

[[package]]
name = "zlib-rs"
version = "0.5.2"
source = "registry+https://github.com/rust-lang/crates.io-index"
checksum = "2f06ae92f42f5e5c42443fd094f245eb656abf56dd7cce9b8b263236565e00f2"

[[package]]
name = "zopfli"
version = "0.8.3"
source = "registry+https://github.com/rust-lang/crates.io-index"
checksum = "f05cd8797d63865425ff89b5c4a48804f35ba0ce8d125800027ad6017d2b5249"
dependencies = [
 "bumpalo",
 "crc32fast",
 "log",
 "simd-adler32",
]
